{
  "version": 2,
  "dependencies": {
    "net10.0": {
      "Meziantou.Analyzer": {
        "type": "Direct",
        "requested": "[3.0.294, )",
        "resolved": "3.0.294",
        "contentHash": "j78ENG75OozcuL0OPSIjvgLaYI4F5nS8mpK02PlXCCCXj8A4CAIfpKw27ZPvG4k8TweGqParV8Dwm2VAwBBmgg=="
      },
      "Microsoft.CodeAnalysis.BannedApiAnalyzers": {
        "type": "Direct",
        "requested": "[5.6.0, )",
        "resolved": "5.6.0",
        "contentHash": "Kcobt3pnOdO0A+6CKiMHZdTEluJpsfxiV20axtZdmfBQnDmiWTKPJADlgAfdTuKNAnVarrkJa0UEGwuOo91muw=="
      },
      "Microsoft.Testing.Extensions.CodeCoverage": {
        "type": "Direct",
        "requested": "[18.12.0, )",
        "resolved": "18.12.0",
        "contentHash": "BST/sWYpKk9OXO7Yxktcg6FWORRsHU0EdCbMwZ7d3OqJsMKlrNHIZ30g0Ib4k5T5acJYXRBmg9mNrTU/N6cy1g==",
        "dependencies": {
          "Microsoft.DiaSymReader": "2.2.10",
          "Microsoft.Extensions.DependencyModel": "10.0.10",
          "Microsoft.Testing.Platform": "2.5.0",
          "Mono.Cecil": "0.11.6"
        }
      },
      "Shouldly": {
        "type": "Direct",
        "requested": "[4.3.0, )",
        "resolved": "4.3.0",
        "contentHash": "sDetrWXrl6YXZ4HeLsdBoNk3uIa7K+V4uvIJ+cqdRa5DrFxeTED7VkjoxCuU1kJWpUuBDZz2QXFzSxBtVXLwRQ==",
        "dependencies": {
          "DiffEngine": "11.3.0",
          "EmptyFiles": "4.4.0"
        }
      },
      "TngTech.ArchUnitNET.xUnitV3": {
        "type": "Direct",
        "requested": "[0.13.4, )",
        "resolved": "0.13.4",
        "contentHash": "EZoUHDeA/p13h4fKztbFnkmXe8aKCRYjknXxyqex1G4+OZftlAmp0Tk6nS3Ktz7Ax/nDJmyEQrvzWjqMpLZO+g==",
        "dependencies": {
          "TngTech.ArchUnitNET": "0.13.4",
          "xunit.v3.assert": "1.1.0"
        }
      },
      "xunit.v3": {
        "type": "Direct",
        "requested": "[4.0.1, )",
        "resolved": "4.0.1",
        "contentHash": "KpDYf6jFjYfOchuRJOAXPOpwN03hLE1AF4kWzCUSnhr8JZMiGH4BT1YidCcm6BE1H4E90GyJzuKoCwXbg9PXmA==",
        "dependencies": {
          "xunit.v3.mtp-v2": "[4.0.1]"
        }
      },
      "CycleDetection": {
        "type": "Transitive",
        "resolved": "2.0.0",
        "contentHash": "iQb2Nm9WqPseGCxPcdeU5qMbWkxtSr1bmnliC7slitx7GOG8cKO2pKZUQ2Yl+DQQZQ7c8qIXe3k+zYE0f96dIA=="
      },
      "DiffEngine": {
        "type": "Transitive",
        "resolved": "11.3.0",
        "contentHash": "k0ZgZqd09jLZQjR8FyQbSQE86Q7QZnjEzq1LPHtj1R2AoWO8sjV5x+jlSisL7NZAbUOI4y+7Bog8gkr9WIRBGw==",
        "dependencies": {
          "EmptyFiles": "4.4.0",
          "System.Management": "6.0.1"
        }
      },
      "EmptyFiles": {
        "type": "Transitive",
        "resolved": "4.4.0",
        "contentHash": "gwJEfIGS7FhykvtZoscwXj/XwW+mJY6UbAZk+qtLKFUGWC95kfKXnj8VkxsZQnWBxJemM/q664rGLN5nf+OHZw=="
      },
      "JetBrains.Annotations": {
        "type": "Transitive",
        "resolved": "2026.2.0",
        "contentHash": "drvAEaI7Xf4wU6dx4UTB9MoZWXZlraaQ0qoeThPQ411FxNhId7QdUTukIC9I8aUHP0ycAaGwZNKqSvfOZQvUlg=="
      },
      "Microsoft.ApplicationInsights": {
        "type": "Transitive",
        "resolved": "2.23.0",
        "contentHash": "nWArUZTdU7iqZLycLKWe0TDms48KKGE6pONH2terYNa8REXiqixrMOkf1sk5DHGMaUTqONU2YkS4SAXBhLStgw=="
      },
      "Microsoft.Bcl.AsyncInterfaces": {
        "type": "Transitive",
        "resolved": "6.0.0",
        "contentHash": "UcSjPsst+DfAdJGVDsu346FX0ci0ah+lw3WRtn18NUwEqRt70HaOQ7lI72vy3+1LxtqI3T5GWwV39rQSrCzAeg=="
      },
      "Microsoft.DiaSymReader": {
        "type": "Transitive",
        "resolved": "2.2.10",
        "contentHash": "zmGsm6b2y3STDa/Of7rdkkfTDV8VuGB8aCqIkLoJIQh5tL78K3zJ8OUyFKnfsaORXmGr9iOKwDkZfUjeXi+CwA=="
      },
      "Microsoft.Extensions.DependencyModel": {
        "type": "Transitive",
        "resolved": "10.0.10",
        "contentHash": "rfZA1RjR021RPqSmIPovfz2aOd79TGqJ9BengbjnzIISOVwjLmuSDnhCMmiY/1c6iYvGolQ1iNGzkav0u11XEA=="
      },
      "Microsoft.Extensions.Primitives": {
        "type": "Transitive",
        "resolved": "10.0.12",
        "contentHash": "dYfCLR52UA+3DL7C4I/pvSaRPkNqxrUAQmbFL2u0zvYKKzqgrFCJl08Df+F1aYc8leu9JvpC9bsURUdpExcBXQ=="
      },
      "Microsoft.Testing.Extensions.Telemetry": {
        "type": "Transitive",
        "resolved": "2.4.0",
        "contentHash": "JeP1RFqBa11fWmBk8xEfZcMKr4rxWSyI6OZ+659V069CaMkTEOQBW2UdSSeNz3absOsygcn7JJkzerC4LGnZ9w==",
        "dependencies": {
          "Microsoft.ApplicationInsights": "2.23.0",
          "Microsoft.Testing.Platform": "[2.4.0, 3.0.0)"
        }
      },
      "Microsoft.Testing.Extensions.TrxReport.Abstractions": {
        "type": "Transitive",
        "resolved": "2.4.0",
        "contentHash": "uRb+4qM42dFDg4kWJZ2kFEcwESNVCRZJjItp5vETorN3rSJGysP617LqYirOcrCYmxg+obPreHMM5JcsNDKtBw==",
        "dependencies": {
          "Microsoft.Testing.Platform": "[2.4.0, 3.0.0)"
        }
      },
      "Microsoft.Testing.Platform": {
        "type": "Transitive",
        "resolved": "2.5.0",
        "contentHash": "SQ+jJgs4I+Bwd+ua+c++6X+hOMOCceSHZxQPZVtkKit+ENUdErIuGjZjXe9XVDeHixZc3KCgsjhf/bxS4Mb5yA=="
      },
      "Microsoft.Testing.Platform.MSBuild": {
        "type": "Transitive",
        "resolved": "2.4.0",
        "contentHash": "qr5M6h16YHMJLFDcWELFVMMpGte2BUmveBZKT5YoBV+bmuJRPu9bv/Zqke4yQuOEKRNxoAETrG5jr+/6Rnr3Hg==",
        "dependencies": {
          "Microsoft.Testing.Platform": "[2.4.0, 3.0.0)"
        }
      },
      "Microsoft.Win32.Registry": {
        "type": "Transitive",
        "resolved": "5.0.0",
        "contentHash": "dDoKi0PnDz31yAyETfRntsLArTlVAVzUzCIvvEDsDsucrl33Dl8pIJG06ePTJTI3tGpeyHS9Cq7Foc/s4EeKcg=="
      },
      "Mono.Cecil": {
        "type": "Transitive",
        "resolved": "0.11.6",
        "contentHash": "f33RkDtZO8VlGXCtmQIviOtxgnUdym9xx/b1p9h91CRGOsJFxCFOFK1FDbVt1OCf1aWwYejUFa2MOQyFWTFjbA=="
      },
      "Newtonsoft.Json": {
        "type": "Transitive",
        "resolved": "13.0.4",
        "contentHash": "pdgNNMai3zv51W5aq268sujXUyx7SNdE2bj1wZcWjAQrKMFZV260lbqYop1d2GM67JI1huLRwxo9ZqnfF/lC6A=="
      },
      "System.CodeDom": {
        "type": "Transitive",
        "resolved": "6.0.0",
        "contentHash": "CPc6tWO1LAer3IzfZufDBRL+UZQcj5uS207NHALQzP84Vp/z6wF0Aa0YZImOQY8iStY0A2zI/e3ihKNPfUm8XA=="
      },
      "System.Management": {
        "type": "Transitive",
        "resolved": "6.0.1",
        "contentHash": "10J1D0h/lioojphfJ4Fuh5ZUThT/xOVHdV9roGBittKKNP2PMjrvibEdbVTGZcPra1399Ja3tqIJLyQrc5Wmhg==",
        "dependencies": {
          "System.CodeDom": "6.0.0"
        }
      },
      "System.Security.AccessControl": {
        "type": "Transitive",
        "resolved": "6.0.1",
        "contentHash": "IQ4NXP/B3Ayzvw0rDQzVTYsCKyy0Jp9KI6aYcK7UnGVlR9+Awz++TIPCQtPYfLJfOpm8ajowMR09V7quD3sEHw=="
      },
      "System.ValueTuple": {
        "type": "Transitive",
        "resolved": "4.6.2",
        "contentHash": "yQgmjfFximrNm9LIV3mL6T5MzjeC+epeE5rl4hXxAlYmxby7RM1dPSkIKXk9HNkl6G54h2JHOmLD46+Pey+IRg=="
      },
      "TngTech.ArchUnitNET": {
        "type": "Transitive",
        "resolved": "0.13.4",
        "contentHash": "SBWeZamopaqNOe1BlM57kATJ9vho10gwaLQYmC6BilwGRtHs1qWvuYbwYnncVJeKiB9X/B14h96rlcUTo3C9EQ==",
        "dependencies": {
          "CycleDetection": "2.0.0",
          "JetBrains.Annotations": "2026.2.0",
          "Mono.Cecil": "0.11.6",
          "Newtonsoft.Json": "13.0.4",
          "System.ValueTuple": "4.6.2"
        }
      },
      "xunit.analyzers": {
        "type": "Transitive",
        "resolved": "2.1.0",
        "contentHash": "X7QXEcZQGz0G/HL4HUyK+aAvNa/IMGbOCnFIq4jD/Evktq12xANKwzOUr7b08vCmC1LXu/47qHWOdjm3KfaJ0A=="
      },
      "xunit.v3.assert": {
        "type": "Transitive",
        "resolved": "4.0.1",
        "contentHash": "nC7d3cY06Oo7hkdwWPZkBR0Ud75xNhgx0P7i0GmMMZC3puCGlc4szFiT30biH03IN/eDnr8h+nv3A1UD17bk/A=="
      },
      "xunit.v3.common": {
        "type": "Transitive",
        "resolved": "4.0.1",
        "contentHash": "Qf25TVdadDQYf9zVxSd7L9RNQhuP0jCUHmo96XTmIKLxGefylIEV63jRbXBPFzdXmV09TCdcurk+AQ9LiWS2Hg==",
        "dependencies": {
          "Microsoft.Bcl.AsyncInterfaces": "6.0.0"
        }
      },
      "xunit.v3.core.mtp-v2": {
        "type": "Transitive",
        "resolved": "4.0.1",
        "contentHash": "7qfTfrIfS2wybpSVyRLmhXHbSudD2eNw66LfukixmKsRCTcfvOrLsx0qGL/lObcEh3Z2F4SIXgoFnLIiB8yfjQ==",
        "dependencies": {
          "Microsoft.Testing.Extensions.Telemetry": "2.4.0",
          "Microsoft.Testing.Extensions.TrxReport.Abstractions": "2.4.0",
          "Microsoft.Testing.Platform": "2.4.0",
          "Microsoft.Testing.Platform.MSBuild": "2.4.0",
          "xunit.v3.extensibility.core": "[4.0.1]",
          "xunit.v3.runner.inproc.console": "[4.0.1]"
        }
      },
      "xunit.v3.extensibility.core": {
        "type": "Transitive",
        "resolved": "4.0.1",
        "contentHash": "J0d5OfFcp920nZxCRIvU14+TZhiSPQR0wvqEMZ3MRiJLPu1VmYlcRNkmcSW0i1DwkB81gAHc+fHUQf/cU64MYg==",
        "dependencies": {
          "xunit.v3.common": "[4.0.1]"
        }
      },
      "xunit.v3.mtp-v2": {
        "type": "Transitive",
        "resolved": "4.0.1",
        "contentHash": "s88KiWwDDYgOWV3A+ViJiqCe9cLU/Rt6Gb5TfOC7Abv/HKSoj4IHVPcOQk7jPt7HhZHHEts5IuaVpB30eO5B1w==",
        "dependencies": {
          "xunit.analyzers": "2.1.0",
          "xunit.v3.assert": "[4.0.1]",
          "xunit.v3.core.mtp-v2": "[4.0.1]"
        }
      },
      "xunit.v3.runner.common": {
        "type": "Transitive",
        "resolved": "4.0.1",
        "contentHash": "p9AyfBpj2e5Iws8B57SbLiSngg7mEdvegHInKR4T2cjt2mis9h8htVgCnmu//agZO4zri6p6VQOj5EkHHTy3gA==",
        "dependencies": {
          "Microsoft.Win32.Registry": "[5.0.0]",
          "System.Security.AccessControl": "[6.0.1]",
          "xunit.v3.common": "[4.0.1]"
        }
      },
      "xunit.v3.runner.inproc.console": {
        "type": "Transitive",
        "resolved": "4.0.1",
        "contentHash": "Hqwfd6ehMIhPmVWUQ2dgmknzuLFTWeyp8ES1q3D4YR5bQVyiXDcaIoaFwqAz2zgLr49WaW4Mz7VVncP7u/Q8/Q==",
        "dependencies": {
          "xunit.v3.extensibility.core": "[4.0.1]",
          "xunit.v3.runner.common": "[4.0.1]"
        }
      },
      "erp.api": {
        "type": "Project",
        "dependencies": {
          "Erp.BuildingBlocks.Api": "[1.0.0, )",
          "Erp.BuildingBlocks.Infrastructure": "[1.0.0, )",
          "Erp.GeneralLedger.Api": "[1.0.0, )",
          "Erp.GeneralLedger.Infrastructure": "[1.0.0, )",
          "Erp.Tax.Infrastructure": "[1.0.0, )"
        }
      },
      "erp.buildingblocks.api": {
        "type": "Project",
        "dependencies": {
          "Erp.BuildingBlocks.Application": "[1.0.0, )"
        }
      },
      "erp.buildingblocks.application": {
        "type": "Project",
        "dependencies": {
          "Erp.BuildingBlocks.Domain": "[1.0.0, )"
        }
      },
      "erp.buildingblocks.domain": {
        "type": "Project"
      },
      "erp.buildingblocks.infrastructure": {
        "type": "Project",
        "dependencies": {
          "Erp.BuildingBlocks.Application": "[1.0.0, )",
          "Microsoft.Extensions.DependencyInjection.Abstractions": "[10.0.12, )",
          "Microsoft.Extensions.Options": "[10.0.12, )",
          "Npgsql": "[10.0.3, )"
        }
      },
      "erp.generalledger.api": {
        "type": "Project",
        "dependencies": {
          "Erp.BuildingBlocks.Api": "[1.0.0, )",
          "Erp.GeneralLedger.Application": "[1.0.0, )",
          "Erp.GeneralLedger.Contracts": "[1.0.0, )"
        }
      },
      "erp.generalledger.application": {
        "type": "Project",
        "dependencies": {
          "Erp.BuildingBlocks.Application": "[1.0.0, )",
          "Erp.GeneralLedger.Contracts": "[1.0.0, )",
          "Erp.GeneralLedger.Domain": "[1.0.0, )"
        }
      },
      "erp.generalledger.contracts": {
        "type": "Project",
        "dependencies": {
          "Erp.BuildingBlocks.Domain": "[1.0.0, )"
        }
      },
      "erp.generalledger.domain": {
        "type": "Project",
        "dependencies": {
          "Erp.BuildingBlocks.Domain": "[1.0.0, )"
        }
      },
      "erp.generalledger.infrastructure": {
        "type": "Project",
        "dependencies": {
          "Erp.BuildingBlocks.Infrastructure": "[1.0.0, )",
          "Erp.GeneralLedger.Application": "[1.0.0, )",
          "Erp.GeneralLedger.Contracts": "[1.0.0, )",
          "Erp.GeneralLedger.Domain": "[1.0.0, )",
          "Microsoft.Extensions.Logging.Abstractions": "[10.0.12, )"
        }
      },
      "erp.migrator": {
        "type": "Project",
        "dependencies": {
          "Npgsql": "[10.0.3, )"
        }
      },
      "erp.tax.contracts": {
        "type": "Project",
        "dependencies": {
          "Erp.GeneralLedger.Contracts": "[1.0.0, )"
        }
      },
      "erp.tax.domain": {
        "type": "Project",
        "dependencies": {
          "Erp.BuildingBlocks.Domain": "[1.0.0, )"
        }
      },
      "erp.tax.infrastructure": {
        "type": "Project",
        "dependencies": {
          "Erp.BuildingBlocks.Infrastructure": "[1.0.0, )",
          "Erp.GeneralLedger.Contracts": "[1.0.0, )",
          "Erp.Tax.Contracts": "[1.0.0, )",
          "Erp.Tax.Domain": "[1.0.0, )"
        }
      },
      "Microsoft.Extensions.DependencyInjection.Abstractions": {
        "type": "CentralTransitive",
        "requested": "[10.0.12, )",
        "resolved": "10.0.12",
        "contentHash": "9/qymSh7hVDMGTGwrLz8MRp5zRyXy9adGDOs4HwRdnLil3oZGYuWeZjbmHgCQ9BL1qBroVfgUK3U/nb61617Cw=="
      },
      "Microsoft.Extensions.Logging.Abstractions": {
        "type": "CentralTransitive",
        "requested": "[10.0.12, )",
        "resolved": "10.0.12",
        "contentHash": "+24lC4plfbEDNfLAdTV/SWKS7dW+16X4HdydO3R++134kSNTzcbYA4KpR1Hdh6uWisB8Za3AzwyOn+K+NxWIug==",
        "dependencies": {
          "Microsoft.Extensions.DependencyInjection.Abstractions": "10.0.12"
        }
      },
      "Microsoft.Extensions.Options": {
        "type": "CentralTransitive",
        "requested": "[10.0.12, )",
        "resolved": "10.0.12",
        "contentHash": "TDYD33TSRpXKZWlmTXNlj5kCihxatmv2Ec1u6C+bMYLphCS7PoSLE9Pjd/nunDoE7yETk+LLKjVJX78HYtWjpA==",
        "dependencies": {
          "Microsoft.Extensions.DependencyInjection.Abstractions": "10.0.12",
          "Microsoft.Extensions.Primitives": "10.0.12"
        }
      },
      "Npgsql": {
        "type": "CentralTransitive",
        "requested": "[10.0.3, )",
        "resolved": "10.0.3",
        "contentHash": "7nb5YzXuvWWJxB0J8DiyL3we+X4FOctZrt0fIBnucOIaIevFEEwGQVZKtiu9olXdlNAK1eNgqSral6r/jlhI4w==",
        "dependencies": {
          "Microsoft.Extensions.Logging.Abstractions": "10.0.0"
        }
      }
    }
  }
}