{
  "version": 2,
  "dependencies": {
    "net10.0": {
      "Meziantou.Analyzer": {
        "type": "Direct",
        "requested": "[3.0.294, )",
        "resolved": "3.0.294",
        "contentHash": "j78ENG75OozcuL0OPSIjvgLaYI4F5nS8mpK02PlXCCCXj8A4CAIfpKw27ZPvG4k8TweGqParV8Dwm2VAwBBmgg=="
      },
      "Microsoft.CodeAnalysis.BannedApiAnalyzers": {
        "type": "Direct",
        "requested": "[5.6.0, )",
        "resolved": "5.6.0",
        "contentHash": "Kcobt3pnOdO0A+6CKiMHZdTEluJpsfxiV20axtZdmfBQnDmiWTKPJADlgAfdTuKNAnVarrkJa0UEGwuOo91muw=="
      },
      "erp.buildingblocks.application": {
        "type": "Project",
        "dependencies": {
          "Erp.BuildingBlocks.Domain": "[1.0.0, )"
        }
      },
      "erp.buildingblocks.domain": {
        "type": "Project"
      }
    }
  }
}